// !$*UTF8*$!
{
	archiveVersion = 1;
	classes = {
	};
	objectVersion = 56;
	objects = {

/* Begin PBXBuildFile section */
		E20CCE132914436800020C22 /* IPUIViewExtension.swift in Sources */ = {isa = PBXBuildFile; fileRef = E20CCE122914436800020C22 /* IPUIViewExtension.swift */; };
		E230B02829709FC800F9A628 /* DifferentUsefulValues.swift in Sources */ = {isa = PBXBuildFile; fileRef = E230B02729709FC800F9A628 /* DifferentUsefulValues.swift */; };
		E230B02B2970B53600F9A628 /* IPSliderDelegate.swift in Sources */ = {isa = PBXBuildFile; fileRef = E230B02A2970B53600F9A628 /* IPSliderDelegate.swift */; };
		E25BE84529298BB100854E53 /* IPTextFillState.swift in Sources */ = {isa = PBXBuildFile; fileRef = E25BE84429298BB100854E53 /* IPTextFillState.swift */; };
		E25BE84729298C0400854E53 /* AppStateController.swift in Sources */ = {isa = PBXBuildFile; fileRef = E25BE84629298C0400854E53 /* AppStateController.swift */; };
		E25BE849292994AB00854E53 /* IPTextAlignmentState.swift in Sources */ = {isa = PBXBuildFile; fileRef = E25BE848292994AB00854E53 /* IPTextAlignmentState.swift */; };
		E27C7B502945108E0005C5F9 /* TestVC.swift in Sources */ = {isa = PBXBuildFile; fileRef = E27C7B4F2945108E0005C5F9 /* TestVC.swift */; };
		E27C7B52294546560005C5F9 /* WidthToDimension.swift in Sources */ = {isa = PBXBuildFile; fileRef = E27C7B51294546560005C5F9 /* WidthToDimension.swift */; };
		E27F2C7C296C6548001B22A1 /* Draw_And_EditUITests.swift in Sources */ = {isa = PBXBuildFile; fileRef = E27F2C7B296C6548001B22A1 /* Draw_And_EditUITests.swift */; };
		E27F2C7E296C6548001B22A1 /* Draw_And_EditUITestsLaunchTests.swift in Sources */ = {isa = PBXBuildFile; fileRef = E27F2C7D296C6548001B22A1 /* Draw_And_EditUITestsLaunchTests.swift */; };
		E28F792C29439C9A00754C46 /* IPSliderView.swift in Sources */ = {isa = PBXBuildFile; fileRef = E28F792B29439C9A00754C46 /* IPSliderView.swift */; };
		E29368C2297C943B00856163 /* IPTextViewDelegate.swift in Sources */ = {isa = PBXBuildFile; fileRef = E29368C1297C943B00856163 /* IPTextViewDelegate.swift */; };
		E29FECC1291175BB00F6DDE5 /* AppDelegate.swift in Sources */ = {isa = PBXBuildFile; fileRef = E29FECC0291175BB00F6DDE5 /* AppDelegate.swift */; };
		E29FECC3291175BB00F6DDE5 /* SceneDelegate.swift in Sources */ = {isa = PBXBuildFile; fileRef = E29FECC2291175BB00F6DDE5 /* SceneDelegate.swift */; };
		E29FECC5291175BB00F6DDE5 /* IPMapViewController.swift in Sources */ = {isa = PBXBuildFile; fileRef = E29FECC4291175BB00F6DDE5 /* IPMapViewController.swift */; };
		E29FECCA291175BC00F6DDE5 /* Assets.xcassets in Resources */ = {isa = PBXBuildFile; fileRef = E29FECC9291175BC00F6DDE5 /* Assets.xcassets */; };
		E29FECCD291175BC00F6DDE5 /* LaunchScreen.storyboard in Resources */ = {isa = PBXBuildFile; fileRef = E29FECCB291175BC00F6DDE5 /* LaunchScreen.storyboard */; };
		E29FECD72911789400F6DDE5 /* IPTextView.swift in Sources */ = {isa = PBXBuildFile; fileRef = E29FECD62911789400F6DDE5 /* IPTextView.swift */; };
		E2A6FF47292A55D600C72421 /* IPAvailableFontsCollectionViewController.swift in Sources */ = {isa = PBXBuildFile; fileRef = E2A6FF46292A55D600C72421 /* IPAvailableFontsCollectionViewController.swift */; };
		E2A6FF49292A7E9600C72421 /* IPAvailableFontCollectionViewCell.swift in Sources */ = {isa = PBXBuildFile; fileRef = E2A6FF48292A7E9600C72421 /* IPAvailableFontCollectionViewCell.swift */; };
		E2A6FF4B292A84EC00C72421 /* IPFont.swift in Sources */ = {isa = PBXBuildFile; fileRef = E2A6FF4A292A84EC00C72421 /* IPFont.swift */; };
		E2A6FF4D292A84FC00C72421 /* IPAvailableFontsStorage.swift in Sources */ = {isa = PBXBuildFile; fileRef = E2A6FF4C292A84FC00C72421 /* IPAvailableFontsStorage.swift */; };
		E2A6FF4F292A865800C72421 /* IPFontExtension.swift in Sources */ = {isa = PBXBuildFile; fileRef = E2A6FF4E292A865800C72421 /* IPFontExtension.swift */; };
		E2A6FF51292AC2D100C72421 /* AddRemoveUIViewControllerExtension.swift in Sources */ = {isa = PBXBuildFile; fileRef = E2A6FF50292AC2D100C72421 /* AddRemoveUIViewControllerExtension.swift */; };
		E2AA5C752939DA6300E26497 /* IPNSTextStorage.swift in Sources */ = {isa = PBXBuildFile; fileRef = E2AA5C742939DA6300E26497 /* IPNSTextStorage.swift */; };
		E2CF58E42944889700B5C181 /* ViewToImageExtension.swift in Sources */ = {isa = PBXBuildFile; fileRef = E2CF58E32944889700B5C181 /* ViewToImageExtension.swift */; };
		E2F4B3F329380DB7002E5EA5 /* IPAvailableFontsCollectionViewControllerDelegate.swift in Sources */ = {isa = PBXBuildFile; fileRef = E2F4B3F229380DB7002E5EA5 /* IPAvailableFontsCollectionViewControllerDelegate.swift */; };
		E2F6E4042939528D00E65DAB /* IPNSLayoutManager.swift in Sources */ = {isa = PBXBuildFile; fileRef = E2F6E4032939528D00E65DAB /* IPNSLayoutManager.swift */; };
/* End PBXBuildFile section */

/* Begin PBXContainerItemProxy section */
		E27F2C7F296C6548001B22A1 /* PBXContainerItemProxy */ = {
			isa = PBXContainerItemProxy;
			containerPortal = E29FECB5291175BA00F6DDE5 /* Project object */;
			proxyType = 1;
			remoteGlobalIDString = E29FECBC291175BB00F6DDE5;
			remoteInfo = "Draw-And-Edit";
		};
/* End PBXContainerItemProxy section */

/* Begin PBXFileReference section */
		E20CCE122914436800020C22 /* IPUIViewExtension.swift */ = {isa = PBXFileReference; lastKnownFileType = sourcecode.swift; path = IPUIViewExtension.swift; sourceTree = "<group>"; };
		E230B02729709FC800F9A628 /* DifferentUsefulValues.swift */ = {isa = PBXFileReference; lastKnownFileType = sourcecode.swift; path = DifferentUsefulValues.swift; sourceTree = "<group>"; };
		E230B02A2970B53600F9A628 /* IPSliderDelegate.swift */ = {isa = PBXFileReference; lastKnownFileType = sourcecode.swift; path = IPSliderDelegate.swift; sourceTree = "<group>"; };
		E25BE84429298BB100854E53 /* IPTextFillState.swift */ = {isa = PBXFileReference; lastKnownFileType = sourcecode.swift; path = IPTextFillState.swift; sourceTree = "<group>"; };
		E25BE84629298C0400854E53 /* AppStateController.swift */ = {isa = PBXFileReference; lastKnownFileType = sourcecode.swift; path = AppStateController.swift; sourceTree = "<group>"; };
		E25BE848292994AB00854E53 /* IPTextAlignmentState.swift */ = {isa = PBXFileReference; lastKnownFileType = sourcecode.swift; path = IPTextAlignmentState.swift; sourceTree = "<group>"; };
		E27C7B4F2945108E0005C5F9 /* TestVC.swift */ = {isa = PBXFileReference; lastKnownFileType = sourcecode.swift; path = TestVC.swift; sourceTree = "<group>"; };
		E27C7B51294546560005C5F9 /* WidthToDimension.swift */ = {isa = PBXFileReference; lastKnownFileType = sourcecode.swift; path = WidthToDimension.swift; sourceTree = "<group>"; };
		E27F2C79296C6548001B22A1 /* Draw-And-EditUITests.xctest */ = {isa = PBXFileReference; explicitFileType = wrapper.cfbundle; includeInIndex = 0; path = "Draw-And-EditUITests.xctest"; sourceTree = BUILT_PRODUCTS_DIR; };
		E27F2C7B296C6548001B22A1 /* Draw_And_EditUITests.swift */ = {isa = PBXFileReference; lastKnownFileType = sourcecode.swift; path = Draw_And_EditUITests.swift; sourceTree = "<group>"; };
		E27F2C7D296C6548001B22A1 /* Draw_And_EditUITestsLaunchTests.swift */ = {isa = PBXFileReference; lastKnownFileType = sourcecode.swift; path = Draw_And_EditUITestsLaunchTests.swift; sourceTree = "<group>"; };
		E28F792B29439C9A00754C46 /* IPSliderView.swift */ = {isa = PBXFileReference; lastKnownFileType = sourcecode.swift; path = IPSliderView.swift; sourceTree = "<group>"; };
		E29368C1297C943B00856163 /* IPTextViewDelegate.swift */ = {isa = PBXFileReference; lastKnownFileType = sourcecode.swift; path = IPTextViewDelegate.swift; sourceTree = "<group>"; };
		E29FECBD291175BB00F6DDE5 /* Draw-And-Edit.app */ = {isa = PBXFileReference; explicitFileType = wrapper.application; includeInIndex = 0; path = "Draw-And-Edit.app"; sourceTree = BUILT_PRODUCTS_DIR; };
		E29FECC0291175BB00F6DDE5 /* AppDelegate.swift */ = {isa = PBXFileReference; lastKnownFileType = sourcecode.swift; path = AppDelegate.swift; sourceTree = "<group>"; };
		E29FECC2291175BB00F6DDE5 /* SceneDelegate.swift */ = {isa = PBXFileReference; lastKnownFileType = sourcecode.swift; path = SceneDelegate.swift; sourceTree = "<group>"; };
		E29FECC4291175BB00F6DDE5 /* IPMapViewController.swift */ = {isa = PBXFileReference; lastKnownFileType = sourcecode.swift; path = IPMapViewController.swift; sourceTree = "<group>"; };
		E29FECC9291175BC00F6DDE5 /* Assets.xcassets */ = {isa = PBXFileReference; lastKnownFileType = folder.assetcatalog; path = Assets.xcassets; sourceTree = "<group>"; };
		E29FECCC291175BC00F6DDE5 /* Base */ = {isa = PBXFileReference; lastKnownFileType = file.storyboard; name = Base; path = Base.lproj/LaunchScreen.storyboard; sourceTree = "<group>"; };
		E29FECCE291175BC00F6DDE5 /* Info.plist */ = {isa = PBXFileReference; lastKnownFileType = text.plist.xml; path = Info.plist; sourceTree = "<group>"; };
		E29FECD62911789400F6DDE5 /* IPTextView.swift */ = {isa = PBXFileReference; lastKnownFileType = sourcecode.swift; path = IPTextView.swift; sourceTree = "<group>"; };
		E2A6FF46292A55D600C72421 /* IPAvailableFontsCollectionViewController.swift */ = {isa = PBXFileReference; lastKnownFileType = sourcecode.swift; path = IPAvailableFontsCollectionViewController.swift; sourceTree = "<group>"; };
		E2A6FF48292A7E9600C72421 /* IPAvailableFontCollectionViewCell.swift */ = {isa = PBXFileReference; lastKnownFileType = sourcecode.swift; path = IPAvailableFontCollectionViewCell.swift; sourceTree = "<group>"; };
		E2A6FF4A292A84EC00C72421 /* IPFont.swift */ = {isa = PBXFileReference; lastKnownFileType = sourcecode.swift; path = IPFont.swift; sourceTree = "<group>"; };
		E2A6FF4C292A84FC00C72421 /* IPAvailableFontsStorage.swift */ = {isa = PBXFileReference; lastKnownFileType = sourcecode.swift; path = IPAvailableFontsStorage.swift; sourceTree = "<group>"; };
		E2A6FF4E292A865800C72421 /* IPFontExtension.swift */ = {isa = PBXFileReference; lastKnownFileType = sourcecode.swift; path = IPFontExtension.swift; sourceTree = "<group>"; };
		E2A6FF50292AC2D100C72421 /* AddRemoveUIViewControllerExtension.swift */ = {isa = PBXFileReference; lastKnownFileType = sourcecode.swift; path = AddRemoveUIViewControllerExtension.swift; sourceTree = "<group>"; };
		E2AA5C742939DA6300E26497 /* IPNSTextStorage.swift */ = {isa = PBXFileReference; lastKnownFileType = sourcecode.swift; path = IPNSTextStorage.swift; sourceTree = "<group>"; };
		E2CF58E32944889700B5C181 /* ViewToImageExtension.swift */ = {isa = PBXFileReference; lastKnownFileType = sourcecode.swift; path = ViewToImageExtension.swift; sourceTree = "<group>"; };
		E2F4B3F229380DB7002E5EA5 /* IPAvailableFontsCollectionViewControllerDelegate.swift */ = {isa = PBXFileReference; lastKnownFileType = sourcecode.swift; path = IPAvailableFontsCollectionViewControllerDelegate.swift; sourceTree = "<group>"; };
		E2F6E4032939528D00E65DAB /* IPNSLayoutManager.swift */ = {isa = PBXFileReference; lastKnownFileType = sourcecode.swift; path = IPNSLayoutManager.swift; sourceTree = "<group>"; };
/* End PBXFileReference section */

/* Begin PBXFrameworksBuildPhase section */
		E27F2C76296C6548001B22A1 /* Frameworks */ = {
			isa = PBXFrameworksBuildPhase;
			buildActionMask = 2147483647;
			files = (
			);
			runOnlyForDeploymentPostprocessing = 0;
		};
		E29FECBA291175BB00F6DDE5 /* Frameworks */ = {
			isa = PBXFrameworksBuildPhase;
			buildActionMask = 2147483647;
			files = (
			);
			runOnlyForDeploymentPostprocessing = 0;
		};
/* End PBXFrameworksBuildPhase section */

/* Begin PBXGroup section */
		E20CCE112914435400020C22 /* Library */ = {
			isa = PBXGroup;
			children = (
				E28F792A29439C6800754C46 /* ReusableElements */,
				E2F6E406293952E700E65DAB /* Other */,
				E2F6E405293952C800E65DAB /* TextEditing */,
			);
			path = Library;
			sourceTree = "<group>";
		};
		E230B0292970B51D00F9A628 /* IPSliderView */ = {
			isa = PBXGroup;
			children = (
				E28F792B29439C9A00754C46 /* IPSliderView.swift */,
				E230B02A2970B53600F9A628 /* IPSliderDelegate.swift */,
			);
			path = IPSliderView;
			sourceTree = "<group>";
		};
		E27C448D29329F6B0024D7C6 /* AvailableFontsCollection */ = {
			isa = PBXGroup;
			children = (
				E2A6FF46292A55D600C72421 /* IPAvailableFontsCollectionViewController.swift */,
				E2A6FF48292A7E9600C72421 /* IPAvailableFontCollectionViewCell.swift */,
				E2F4B3F229380DB7002E5EA5 /* IPAvailableFontsCollectionViewControllerDelegate.swift */,
			);
			path = AvailableFontsCollection;
			sourceTree = "<group>";
		};
		E27F2C7A296C6548001B22A1 /* Draw-And-EditUITests */ = {
			isa = PBXGroup;
			children = (
				E27F2C7B296C6548001B22A1 /* Draw_And_EditUITests.swift */,
				E27F2C7D296C6548001B22A1 /* Draw_And_EditUITestsLaunchTests.swift */,
			);
			path = "Draw-And-EditUITests";
			sourceTree = "<group>";
		};
		E28F792A29439C6800754C46 /* ReusableElements */ = {
			isa = PBXGroup;
			children = (
				E230B0292970B51D00F9A628 /* IPSliderView */,
			);
			path = ReusableElements;
			sourceTree = "<group>";
		};
		E29FECB4291175BA00F6DDE5 = {
			isa = PBXGroup;
			children = (
				E29FECBF291175BB00F6DDE5 /* Draw-And-Edit */,
				E27F2C7A296C6548001B22A1 /* Draw-And-EditUITests */,
				E29FECBE291175BB00F6DDE5 /* Products */,
			);
			sourceTree = "<group>";
		};
		E29FECBE291175BB00F6DDE5 /* Products */ = {
			isa = PBXGroup;
			children = (
				E29FECBD291175BB00F6DDE5 /* Draw-And-Edit.app */,
				E27F2C79296C6548001B22A1 /* Draw-And-EditUITests.xctest */,
			);
			name = Products;
			sourceTree = "<group>";
		};
		E29FECBF291175BB00F6DDE5 /* Draw-And-Edit */ = {
			isa = PBXGroup;
			children = (
				E2F6E401293951FD00E65DAB /* TextEditing */,
				E20CCE112914435400020C22 /* Library */,
				E29FECD42911785500F6DDE5 /* Application */,
				E29FECC4291175BB00F6DDE5 /* IPMapViewController.swift */,
				E27C7B4F2945108E0005C5F9 /* TestVC.swift */,
				E29FECC9291175BC00F6DDE5 /* Assets.xcassets */,
				E29FECCB291175BC00F6DDE5 /* LaunchScreen.storyboard */,
				E29FECCE291175BC00F6DDE5 /* Info.plist */,
				E25BE84629298C0400854E53 /* AppStateController.swift */,
				E2A6FF4C292A84FC00C72421 /* IPAvailableFontsStorage.swift */,
				E2A6FF4A292A84EC00C72421 /* IPFont.swift */,
			);
			path = "Draw-And-Edit";
			sourceTree = "<group>";
		};
		E29FECD42911785500F6DDE5 /* Application */ = {
			isa = PBXGroup;
			children = (
				E29FECC0291175BB00F6DDE5 /* AppDelegate.swift */,
				E29FECC2291175BB00F6DDE5 /* SceneDelegate.swift */,
			);
			path = Application;
			sourceTree = "<group>";
		};
		E29FECD52911786300F6DDE5 /* TextView */ = {
			isa = PBXGroup;
			children = (
				E29FECD62911789400F6DDE5 /* IPTextView.swift */,
				E29368C1297C943B00856163 /* IPTextViewDelegate.swift */,
			);
			path = TextView;
			sourceTree = "<group>";
		};
		E2F6E401293951FD00E65DAB /* TextEditing */ = {
			isa = PBXGroup;
			children = (
				E2F6E4022939526400E65DAB /* TextEditingManagers */,
				E29FECD52911786300F6DDE5 /* TextView */,
				E27C448D29329F6B0024D7C6 /* AvailableFontsCollection */,
			);
			path = TextEditing;
			sourceTree = "<group>";
		};
		E2F6E4022939526400E65DAB /* TextEditingManagers */ = {
			isa = PBXGroup;
			children = (
				E2F6E4032939528D00E65DAB /* IPNSLayoutManager.swift */,
				E2AA5C742939DA6300E26497 /* IPNSTextStorage.swift */,
			);
			path = TextEditingManagers;
			sourceTree = "<group>";
		};
		E2F6E405293952C800E65DAB /* TextEditing */ = {
			isa = PBXGroup;
			children = (
				E25BE84429298BB100854E53 /* IPTextFillState.swift */,
				E2A6FF4E292A865800C72421 /* IPFontExtension.swift */,
				E25BE848292994AB00854E53 /* IPTextAlignmentState.swift */,
			);
			path = TextEditing;
			sourceTree = "<group>";
		};
		E2F6E406293952E700E65DAB /* Other */ = {
			isa = PBXGroup;
			children = (
				E20CCE122914436800020C22 /* IPUIViewExtension.swift */,
				E2A6FF50292AC2D100C72421 /* AddRemoveUIViewControllerExtension.swift */,
				E2CF58E32944889700B5C181 /* ViewToImageExtension.swift */,
				E27C7B51294546560005C5F9 /* WidthToDimension.swift */,
				E230B02729709FC800F9A628 /* DifferentUsefulValues.swift */,
			);
			path = Other;
			sourceTree = "<group>";
		};
/* End PBXGroup section */

/* Begin PBXNativeTarget section */
		E27F2C78296C6548001B22A1 /* Draw-And-EditUITests */ = {
			isa = PBXNativeTarget;
			buildConfigurationList = E27F2C83296C6548001B22A1 /* Build configuration list for PBXNativeTarget "Draw-And-EditUITests" */;
			buildPhases = (
				E27F2C75296C6548001B22A1 /* Sources */,
				E27F2C76296C6548001B22A1 /* Frameworks */,
				E27F2C77296C6548001B22A1 /* Resources */,
			);
			buildRules = (
			);
			dependencies = (
				E27F2C80296C6548001B22A1 /* PBXTargetDependency */,
			);
			name = "Draw-And-EditUITests";
			productName = "Draw-And-EditUITests";
			productReference = E27F2C79296C6548001B22A1 /* Draw-And-EditUITests.xctest */;
			productType = "com.apple.product-type.bundle.ui-testing";
		};
		E29FECBC291175BB00F6DDE5 /* Draw-And-Edit */ = {
			isa = PBXNativeTarget;
			buildConfigurationList = E29FECD1291175BC00F6DDE5 /* Build configuration list for PBXNativeTarget "Draw-And-Edit" */;
			buildPhases = (
				E29FECB9291175BB00F6DDE5 /* Sources */,
				E29FECBA291175BB00F6DDE5 /* Frameworks */,
				E29FECBB291175BB00F6DDE5 /* Resources */,
			);
			buildRules = (
			);
			dependencies = (
			);
			name = "Draw-And-Edit";
			productName = "Draw-And-Edit";
			productReference = E29FECBD291175BB00F6DDE5 /* Draw-And-Edit.app */;
			productType = "com.apple.product-type.application";
		};
/* End PBXNativeTarget section */

/* Begin PBXProject section */
		E29FECB5291175BA00F6DDE5 /* Project object */ = {
			isa = PBXProject;
			attributes = {
				BuildIndependentTargetsInParallel = 1;
				LastSwiftUpdateCheck = 1420;
				LastUpgradeCheck = 1400;
				TargetAttributes = {
					E27F2C78296C6548001B22A1 = {
						CreatedOnToolsVersion = 14.2;
						TestTargetID = E29FECBC291175BB00F6DDE5;
					};
					E29FECBC291175BB00F6DDE5 = {
						CreatedOnToolsVersion = 14.0;
					};
				};
			};
			buildConfigurationList = E29FECB8291175BB00F6DDE5 /* Build configuration list for PBXProject "Draw-And-Edit" */;
			compatibilityVersion = "Xcode 14.0";
			developmentRegion = en;
			hasScannedForEncodings = 0;
			knownRegions = (
				en,
				Base,
			);
			mainGroup = E29FECB4291175BA00F6DDE5;
			productRefGroup = E29FECBE291175BB00F6DDE5 /* Products */;
			projectDirPath = "";
			projectRoot = "";
			targets = (
				E29FECBC291175BB00F6DDE5 /* Draw-And-Edit */,
				E27F2C78296C6548001B22A1 /* Draw-And-EditUITests */,
			);
		};
/* End PBXProject section */

/* Begin PBXResourcesBuildPhase section */
		E27F2C77296C6548001B22A1 /* Resources */ = {
			isa = PBXResourcesBuildPhase;
			buildActionMask = 2147483647;
			files = (
			);
			runOnlyForDeploymentPostprocessing = 0;
		};
		E29FECBB291175BB00F6DDE5 /* Resources */ = {
			isa = PBXResourcesBuildPhase;
			buildActionMask = 2147483647;
			files = (
				E29FECCD291175BC00F6DDE5 /* LaunchScreen.storyboard in Resources */,
				E29FECCA291175BC00F6DDE5 /* Assets.xcassets in Resources */,
			);
			runOnlyForDeploymentPostprocessing = 0;
		};
/* End PBXResourcesBuildPhase section */

/* Begin PBXSourcesBuildPhase section */
		E27F2C75296C6548001B22A1 /* Sources */ = {
			isa = PBXSourcesBuildPhase;
			buildActionMask = 2147483647;
			files = (
				E27F2C7E296C6548001B22A1 /* Draw_And_EditUITestsLaunchTests.swift in Sources */,
				E27F2C7C296C6548001B22A1 /* Draw_And_EditUITests.swift in Sources */,
			);
			runOnlyForDeploymentPostprocessing = 0;
		};
		E29FECB9291175BB00F6DDE5 /* Sources */ = {
			isa = PBXSourcesBuildPhase;
			buildActionMask = 2147483647;
			files = (
				E27C7B502945108E0005C5F9 /* TestVC.swift in Sources */,
				E25BE84529298BB100854E53 /* IPTextFillState.swift in Sources */,
				E2A6FF4F292A865800C72421 /* IPFontExtension.swift in Sources */,
				E28F792C29439C9A00754C46 /* IPSliderView.swift in Sources */,
				E2A6FF4D292A84FC00C72421 /* IPAvailableFontsStorage.swift in Sources */,
				E29FECD72911789400F6DDE5 /* IPTextView.swift in Sources */,
				E29FECC5291175BB00F6DDE5 /* IPMapViewController.swift in Sources */,
				E2CF58E42944889700B5C181 /* ViewToImageExtension.swift in Sources */,
				E2F6E4042939528D00E65DAB /* IPNSLayoutManager.swift in Sources */,
				E230B02B2970B53600F9A628 /* IPSliderDelegate.swift in Sources */,
				E25BE849292994AB00854E53 /* IPTextAlignmentState.swift in Sources */,
				E2A6FF51292AC2D100C72421 /* AddRemoveUIViewControllerExtension.swift in Sources */,
				E20CCE132914436800020C22 /* IPUIViewExtension.swift in Sources */,
				E29FECC1291175BB00F6DDE5 /* AppDelegate.swift in Sources */,
				E230B02829709FC800F9A628 /* DifferentUsefulValues.swift in Sources */,
				E29368C2297C943B00856163 /* IPTextViewDelegate.swift in Sources */,
				E2AA5C752939DA6300E26497 /* IPNSTextStorage.swift in Sources */,
				E2A6FF4B292A84EC00C72421 /* IPFont.swift in Sources */,
				E29FECC3291175BB00F6DDE5 /* SceneDelegate.swift in Sources */,
				E25BE84729298C0400854E53 /* AppStateController.swift in Sources */,
				E2A6FF49292A7E9600C72421 /* IPAvailableFontCollectionViewCell.swift in Sources */,
				E27C7B52294546560005C5F9 /* WidthToDimension.swift in Sources */,
				E2A6FF47292A55D600C72421 /* IPAvailableFontsCollectionViewController.swift in Sources */,
				E2F4B3F329380DB7002E5EA5 /* IPAvailableFontsCollectionViewControllerDelegate.swift in Sources */,
			);
			runOnlyForDeploymentPostprocessing = 0;
		};
/* End PBXSourcesBuildPhase section */

/* Begin PBXTargetDependency section */
		E27F2C80296C6548001B22A1 /* PBXTargetDependency */ = {
			isa = PBXTargetDependency;
			target = E29FECBC291175BB00F6DDE5 /* Draw-And-Edit */;
			targetProxy = E27F2C7F296C6548001B22A1 /* PBXContainerItemProxy */;
		};
/* End PBXTargetDependency section */

/* Begin PBXVariantGroup section */
		E29FECCB291175BC00F6DDE5 /* LaunchScreen.storyboard */ = {
			isa = PBXVariantGroup;
			children = (
				E29FECCC291175BC00F6DDE5 /* Base */,
			);
			name = LaunchScreen.storyboard;
			sourceTree = "<group>";
		};
/* End PBXVariantGroup section */

/* Begin XCBuildConfiguration section */
		E27F2C81296C6548001B22A1 /* Debug */ = {
			isa = XCBuildConfiguration;
			buildSettings = {
				CODE_SIGN_STYLE = Automatic;
				CURRENT_PROJECT_VERSION = 1;
				DEVELOPMENT_TEAM = KWBL32UU3W;
				GENERATE_INFOPLIST_FILE = YES;
				IPHONEOS_DEPLOYMENT_TARGET = 16.2;
				MARKETING_VERSION = 1.0;
				PRODUCT_BUNDLE_IDENTIFIER = "kattyrina77-gmail.com.Draw-And-EditUITests";
				PRODUCT_NAME = "$(TARGET_NAME)";
				SWIFT_EMIT_LOC_STRINGS = NO;
				SWIFT_VERSION = 5.0;
				TARGETED_DEVICE_FAMILY = "1,2";
				TEST_TARGET_NAME = "Draw-And-Edit";
			};
			name = Debug;
		};
		E27F2C82296C6548001B22A1 /* Release */ = {
			isa = XCBuildConfiguration;
			buildSettings = {
				CODE_SIGN_STYLE = Automatic;
				CURRENT_PROJECT_VERSION = 1;
				DEVELOPMENT_TEAM = KWBL32UU3W;
				GENERATE_INFOPLIST_FILE = YES;
				IPHONEOS_DEPLOYMENT_TARGET = 16.2;
				MARKETING_VERSION = 1.0;
				PRODUCT_BUNDLE_IDENTIFIER = "kattyrina77-gmail.com.Draw-And-EditUITests";
				PRODUCT_NAME = "$(TARGET_NAME)";
				SWIFT_EMIT_LOC_STRINGS = NO;
				SWIFT_VERSION = 5.0;
				TARGETED_DEVICE_FAMILY = "1,2";
				TEST_TARGET_NAME = "Draw-And-Edit";
			};
			name = Release;
		};
		E29FECCF291175BC00F6DDE5 /* Debug */ = {
			isa = XCBuildConfiguration;
			buildSettings = {
				ALWAYS_SEARCH_USER_PATHS = NO;
				CLANG_ANALYZER_NONNULL = YES;
				CLANG_ANALYZER_NUMBER_OBJECT_CONVERSION = YES_AGGRESSIVE;
				CLANG_CXX_LANGUAGE_STANDARD = "gnu++20";
				CLANG_ENABLE_MODULES = YES;
				CLANG_ENABLE_OBJC_ARC = YES;
				CLANG_ENABLE_OBJC_WEAK = YES;
				CLANG_WARN_BLOCK_CAPTURE_AUTORELEASING = YES;
				CLANG_WARN_BOOL_CONVERSION = YES;
				CLANG_WARN_COMMA = YES;
				CLANG_WARN_CONSTANT_CONVERSION = YES;
				CLANG_WARN_DEPRECATED_OBJC_IMPLEMENTATIONS = YES;
				CLANG_WARN_DIRECT_OBJC_ISA_USAGE = YES_ERROR;
				CLANG_WARN_DOCUMENTATION_COMMENTS = YES;
				CLANG_WARN_EMPTY_BODY = YES;
				CLANG_WARN_ENUM_CONVERSION = YES;
				CLANG_WARN_INFINITE_RECURSION = YES;
				CLANG_WARN_INT_CONVERSION = YES;
				CLANG_WARN_NON_LITERAL_NULL_CONVERSION = YES;
				CLANG_WARN_OBJC_IMPLICIT_RETAIN_SELF = YES;
				CLANG_WARN_OBJC_LITERAL_CONVERSION = YES;
				CLANG_WARN_OBJC_ROOT_CLASS = YES_ERROR;
				CLANG_WARN_QUOTED_INCLUDE_IN_FRAMEWORK_HEADER = YES;
				CLANG_WARN_RANGE_LOOP_ANALYSIS = YES;
				CLANG_WARN_STRICT_PROTOTYPES = YES;
				CLANG_WARN_SUSPICIOUS_MOVE = YES;
				CLANG_WARN_UNGUARDED_AVAILABILITY = YES_AGGRESSIVE;
				CLANG_WARN_UNREACHABLE_CODE = YES;
				CLANG_WARN__DUPLICATE_METHOD_MATCH = YES;
				COPY_PHASE_STRIP = NO;
				DEBUG_INFORMATION_FORMAT = dwarf;
				ENABLE_STRICT_OBJC_MSGSEND = YES;
				ENABLE_TESTABILITY = YES;
				GCC_C_LANGUAGE_STANDARD = gnu11;
				GCC_DYNAMIC_NO_PIC = NO;
				GCC_NO_COMMON_BLOCKS = YES;
				GCC_OPTIMIZATION_LEVEL = 0;
				GCC_PREPROCESSOR_DEFINITIONS = (
					"DEBUG=1",
					"$(inherited)",
				);
				GCC_WARN_64_TO_32_BIT_CONVERSION = YES;
				GCC_WARN_ABOUT_RETURN_TYPE = YES_ERROR;
				GCC_WARN_UNDECLARED_SELECTOR = YES;
				GCC_WARN_UNINITIALIZED_AUTOS = YES_AGGRESSIVE;
				GCC_WARN_UNUSED_FUNCTION = YES;
				GCC_WARN_UNUSED_VARIABLE = YES;
				IPHONEOS_DEPLOYMENT_TARGET = 13.0;
				MTL_ENABLE_DEBUG_INFO = INCLUDE_SOURCE;
				MTL_FAST_MATH = YES;
				ONLY_ACTIVE_ARCH = YES;
				SDKROOT = iphoneos;
				SWIFT_ACTIVE_COMPILATION_CONDITIONS = DEBUG;
				SWIFT_OPTIMIZATION_LEVEL = "-Onone";
			};
			name = Debug;
		};
		E29FECD0291175BC00F6DDE5 /* Release */ = {
			isa = XCBuildConfiguration;
			buildSettings = {
				ALWAYS_SEARCH_USER_PATHS = NO;
				CLANG_ANALYZER_NONNULL = YES;
				CLANG_ANALYZER_NUMBER_OBJECT_CONVERSION = YES_AGGRESSIVE;
				CLANG_CXX_LANGUAGE_STANDARD = "gnu++20";
				CLANG_ENABLE_MODULES = YES;
				CLANG_ENABLE_OBJC_ARC = YES;
				CLANG_ENABLE_OBJC_WEAK = YES;
				CLANG_WARN_BLOCK_CAPTURE_AUTORELEASING = YES;
				CLANG_WARN_BOOL_CONVERSION = YES;
				CLANG_WARN_COMMA = YES;
				CLANG_WARN_CONSTANT_CONVERSION = YES;
				CLANG_WARN_DEPRECATED_OBJC_IMPLEMENTATIONS = YES;
				CLANG_WARN_DIRECT_OBJC_ISA_USAGE = YES_ERROR;
				CLANG_WARN_DOCUMENTATION_COMMENTS = YES;
				CLANG_WARN_EMPTY_BODY = YES;
				CLANG_WARN_ENUM_CONVERSION = YES;
				CLANG_WARN_INFINITE_RECURSION = YES;
				CLANG_WARN_INT_CONVERSION = YES;
				CLANG_WARN_NON_LITERAL_NULL_CONVERSION = YES;
				CLANG_WARN_OBJC_IMPLICIT_RETAIN_SELF = YES;
				CLANG_WARN_OBJC_LITERAL_CONVERSION = YES;
				CLANG_WARN_OBJC_ROOT_CLASS = YES_ERROR;
				CLANG_WARN_QUOTED_INCLUDE_IN_FRAMEWORK_HEADER = YES;
				CLANG_WARN_RANGE_LOOP_ANALYSIS = YES;
				CLANG_WARN_STRICT_PROTOTYPES = YES;
				CLANG_WARN_SUSPICIOUS_MOVE = YES;
				CLANG_WARN_UNGUARDED_AVAILABILITY = YES_AGGRESSIVE;
				CLANG_WARN_UNREACHABLE_CODE = YES;
				CLANG_WARN__DUPLICATE_METHOD_MATCH = YES;
				COPY_PHASE_STRIP = NO;
				DEBUG_INFORMATION_FORMAT = "dwarf-with-dsym";
				ENABLE_NS_ASSERTIONS = NO;
				ENABLE_STRICT_OBJC_MSGSEND = YES;
				GCC_C_LANGUAGE_STANDARD = gnu11;
				GCC_NO_COMMON_BLOCKS = YES;
				GCC_WARN_64_TO_32_BIT_CONVERSION = YES;
				GCC_WARN_ABOUT_RETURN_TYPE = YES_ERROR;
				GCC_WARN_UNDECLARED_SELECTOR = YES;
				GCC_WARN_UNINITIALIZED_AUTOS = YES_AGGRESSIVE;
				GCC_WARN_UNUSED_FUNCTION = YES;
				GCC_WARN_UNUSED_VARIABLE = YES;
				IPHONEOS_DEPLOYMENT_TARGET = 13.0;
				MTL_ENABLE_DEBUG_INFO = NO;
				MTL_FAST_MATH = YES;
				SDKROOT = iphoneos;
				SWIFT_COMPILATION_MODE = wholemodule;
				SWIFT_OPTIMIZATION_LEVEL = "-O";
				VALIDATE_PRODUCT = YES;
			};
			name = Release;
		};
		E29FECD2291175BC00F6DDE5 /* Debug */ = {
			isa = XCBuildConfiguration;
			buildSettings = {
				ASSETCATALOG_COMPILER_APPICON_NAME = AppIcon;
				ASSETCATALOG_COMPILER_GLOBAL_ACCENT_COLOR_NAME = AccentColor;
				CODE_SIGN_STYLE = Automatic;
				CURRENT_PROJECT_VERSION = 1;
				DEVELOPMENT_TEAM = KWBL32UU3W;
				GENERATE_INFOPLIST_FILE = YES;
				INFOPLIST_FILE = "Draw-And-Edit/Info.plist";
				INFOPLIST_KEY_UIApplicationSupportsIndirectInputEvents = YES;
				INFOPLIST_KEY_UILaunchStoryboardName = LaunchScreen;
				INFOPLIST_KEY_UISupportedInterfaceOrientations_iPad = "UIInterfaceOrientationPortrait UIInterfaceOrientationPortraitUpsideDown UIInterfaceOrientationLandscapeLeft UIInterfaceOrientationLandscapeRight";
				INFOPLIST_KEY_UISupportedInterfaceOrientations_iPhone = "UIInterfaceOrientationPortrait UIInterfaceOrientationLandscapeLeft UIInterfaceOrientationLandscapeRight";
				IPHONEOS_DEPLOYMENT_TARGET = 13.0;
				LD_RUNPATH_SEARCH_PATHS = (
					"$(inherited)",
					"@executable_path/Frameworks",
				);
				MARKETING_VERSION = 1.0;
				PRODUCT_BUNDLE_IDENTIFIER = "kattyrina77-gmail.com.Draw-And-Edit";
				PRODUCT_NAME = "$(TARGET_NAME)";
				SWIFT_EMIT_LOC_STRINGS = YES;
				SWIFT_VERSION = 5.0;
				TARGETED_DEVICE_FAMILY = "1,2";
			};
			name = Debug;
		};
		E29FECD3291175BC00F6DDE5 /* Release */ = {
			isa = XCBuildConfiguration;
			buildSettings = {
				ASSETCATALOG_COMPILER_APPICON_NAME = AppIcon;
				ASSETCATALOG_COMPILER_GLOBAL_ACCENT_COLOR_NAME = AccentColor;
				CODE_SIGN_STYLE = Automatic;
				CURRENT_PROJECT_VERSION = 1;
				DEVELOPMENT_TEAM = KWBL32UU3W;
				GENERATE_INFOPLIST_FILE = YES;
				INFOPLIST_FILE = "Draw-And-Edit/Info.plist";
				INFOPLIST_KEY_UIApplicationSupportsIndirectInputEvents = YES;
				INFOPLIST_KEY_UILaunchStoryboardName = LaunchScreen;
				INFOPLIST_KEY_UISupportedInterfaceOrientations_iPad = "UIInterfaceOrientationPortrait UIInterfaceOrientationPortraitUpsideDown UIInterfaceOrientationLandscapeLeft UIInterfaceOrientationLandscapeRight";
				INFOPLIST_KEY_UISupportedInterfaceOrientations_iPhone = "UIInterfaceOrientationPortrait UIInterfaceOrientationLandscapeLeft UIInterfaceOrientationLandscapeRight";
				IPHONEOS_DEPLOYMENT_TARGET = 13.0;
				LD_RUNPATH_SEARCH_PATHS = (
					"$(inherited)",
					"@executable_path/Frameworks",
				);
				MARKETING_VERSION = 1.0;
				PRODUCT_BUNDLE_IDENTIFIER = "kattyrina77-gmail.com.Draw-And-Edit";
				PRODUCT_NAME = "$(TARGET_NAME)";
				SWIFT_EMIT_LOC_STRINGS = YES;
				SWIFT_VERSION = 5.0;
				TARGETED_DEVICE_FAMILY = "1,2";
			};
			name = Release;
		};
/* End XCBuildConfiguration section */

/* Begin XCConfigurationList section */
		E27F2C83296C6548001B22A1 /* Build configuration list for PBXNativeTarget "Draw-And-EditUITests" */ = {
			isa = XCConfigurationList;
			buildConfigurations = (
				E27F2C81296C6548001B22A1 /* Debug */,
				E27F2C82296C6548001B22A1 /* Release */,
			);
			defaultConfigurationIsVisible = 0;
			defaultConfigurationName = Release;
		};
		E29FECB8291175BB00F6DDE5 /* Build configuration list for PBXProject "Draw-And-Edit" */ = {
			isa = XCConfigurationList;
			buildConfigurations = (
				E29FECCF291175BC00F6DDE5 /* Debug */,
				E29FECD0291175BC00F6DDE5 /* Release */,
			);
			defaultConfigurationIsVisible = 0;
			defaultConfigurationName = Release;
		};
		E29FECD1291175BC00F6DDE5 /* Build configuration list for PBXNativeTarget "Draw-And-Edit" */ = {
			isa = XCConfigurationList;
			buildConfigurations = (
				E29FECD2291175BC00F6DDE5 /* Debug */,
				E29FECD3291175BC00F6DDE5 /* Release */,
			);
			defaultConfigurationIsVisible = 0;
			defaultConfigurationName = Release;
		};
/* End XCConfigurationList section */
	};
	rootObject = E29FECB5291175BA00F6DDE5 /* Project object */;
}
